// !$*UTF8*$!
{
	archiveVersion = 1;
	classes = {
	};
	objectVersion = 56;
	objects = {

/* Begin PBXBuildFile section */
		CE5A07C82BBED9C60028BF74 /* AppDelegate.swift in Sources */ = {isa = PBXBuildFile; fileRef = CE5A07C72BBED9C60028BF74 /* AppDelegate.swift */; };
		CE5A07CC2BBED9C60028BF74 /* MainViewController.swift in Sources */ = {isa = PBXBuildFile; fileRef = CE5A07CB2BBED9C60028BF74 /* MainViewController.swift */; };
		CE5A07D12BBED9C70028BF74 /* Assets.xcassets in Resources */ = {isa = PBXBuildFile; fileRef = CE5A07D02BBED9C70028BF74 /* Assets.xcassets */; };
		CE5A07D42BBED9C70028BF74 /* LaunchScreen.storyboard in Resources */ = {isa = PBXBuildFile; fileRef = CE5A07D22BBED9C70028BF74 /* LaunchScreen.storyboard */; };
		CE5A07DC2BBEDC6F0028BF74 /* Router.swift in Sources */ = {isa = PBXBuildFile; fileRef = CE5A07DB2BBEDC6F0028BF74 /* Router.swift */; };
		CE5A07DE2BBEDE490028BF74 /* BaseViewController.swift in Sources */ = {isa = PBXBuildFile; fileRef = CE5A07DD2BBEDE490028BF74 /* BaseViewController.swift */; };
		CE5A07E92BBEE5680028BF74 /* SnapKit in Frameworks */ = {isa = PBXBuildFile; productRef = CE5A07E82BBEE5680028BF74 /* SnapKit */; };
		CE5A07F12BBEE7F50028BF74 /* RealmSwift in Frameworks */ = {isa = PBXBuildFile; productRef = CE5A07F02BBEE7F50028BF74 /* RealmSwift */; };
		CE5A07F32BBEE83A0028BF74 /* MainViewVM.swift in Sources */ = {isa = PBXBuildFile; fileRef = CE5A07F22BBEE83A0028BF74 /* MainViewVM.swift */; };
		CE5A07F72BBEEB090028BF74 /* CafeObject.swift in Sources */ = {isa = PBXBuildFile; fileRef = CE5A07F62BBEEB090028BF74 /* CafeObject.swift */; };
		CE5A07F92BBEEBA40028BF74 /* DataBaseManager.swift in Sources */ = {isa = PBXBuildFile; fileRef = CE5A07F82BBEEBA40028BF74 /* DataBaseManager.swift */; };
		CE5A07FB2BBEF0610028BF74 /* restaurantmock.json in Resources */ = {isa = PBXBuildFile; fileRef = CE5A07FA2BBEF0610028BF74 /* restaurantmock.json */; };
		CE5A07FE2BBF1A5B0028BF74 /* CafeListViewController.swift in Sources */ = {isa = PBXBuildFile; fileRef = CE5A07FD2BBF1A5B0028BF74 /* CafeListViewController.swift */; };
		CE5A08002BBF1A890028BF74 /* CafeListVM.swift in Sources */ = {isa = PBXBuildFile; fileRef = CE5A07FF2BBF1A890028BF74 /* CafeListVM.swift */; };
		CE5A08022BBF1F8C0028BF74 /* TitleSubtitleTableViewCell.swift in Sources */ = {isa = PBXBuildFile; fileRef = CE5A08012BBF1F8C0028BF74 /* TitleSubtitleTableViewCell.swift */; };
		CE5A08042BBF1FE10028BF74 /* UITableViewCell+Ex.swift in Sources */ = {isa = PBXBuildFile; fileRef = CE5A08032BBF1FE10028BF74 /* UITableViewCell+Ex.swift */; };
		FC66AAC82BC2CFAA0076AE10 /* MapViewController.swift in Sources */ = {isa = PBXBuildFile; fileRef = FC66AAC72BC2CFAA0076AE10 /* MapViewController.swift */; };
		FC66AACA2BC2D12E0076AE10 /* MapViewModel.swift in Sources */ = {isa = PBXBuildFile; fileRef = FC66AAC92BC2D12E0076AE10 /* MapViewModel.swift */; };
		FC66AAD62BC332F70076AE10 /* LocationManager.swift in Sources */ = {isa = PBXBuildFile; fileRef = FC66AAD52BC332F70076AE10 /* LocationManager.swift */; };
		FC66AADA2BC404120076AE10 /* AlertManager.swift in Sources */ = {isa = PBXBuildFile; fileRef = FC66AAD92BC404120076AE10 /* AlertManager.swift */; };
		FC66AADF2BC525BA0076AE10 /* BottomAlertView.swift in Sources */ = {isa = PBXBuildFile; fileRef = FC66AADE2BC525BA0076AE10 /* BottomAlertView.swift */; };
		FC9E3A162BC02D940010A661 /* DetailsVM.swift in Sources */ = {isa = PBXBuildFile; fileRef = FC9E3A152BC02D940010A661 /* DetailsVM.swift */; };
		FC9E3A182BC02DC00010A661 /* DetailsViewController.swift in Sources */ = {isa = PBXBuildFile; fileRef = FC9E3A172BC02DC00010A661 /* DetailsViewController.swift */; };
		FC9E3A1B2BC234600010A661 /* MainViewCustomButton.swift in Sources */ = {isa = PBXBuildFile; fileRef = FC9E3A1A2BC234600010A661 /* MainViewCustomButton.swift */; };
		FC9E3A1E2BC23DE50010A661 /* AddNewViewController.swift in Sources */ = {isa = PBXBuildFile; fileRef = FC9E3A1D2BC23DE50010A661 /* AddNewViewController.swift */; };
		FC9E3A202BC23E1A0010A661 /* AddNewCafeVM.swift in Sources */ = {isa = PBXBuildFile; fileRef = FC9E3A1F2BC23E1A0010A661 /* AddNewCafeVM.swift */; };
		FC9E3A2A2BC25AF70010A661 /* SearchViewController.swift in Sources */ = {isa = PBXBuildFile; fileRef = FC9E3A292BC25AF70010A661 /* SearchViewController.swift */; };
		FC9E3A2C2BC25B190010A661 /* SearchVM.swift in Sources */ = {isa = PBXBuildFile; fileRef = FC9E3A2B2BC25B190010A661 /* SearchVM.swift */; };
		FC9E3A2F2BC262DF0010A661 /* SearchViewControllerDelegate.swift in Sources */ = {isa = PBXBuildFile; fileRef = FC9E3A2E2BC262DF0010A661 /* SearchViewControllerDelegate.swift */; };
		FC9E3A822BC2ABB90010A661 /* CustomViewForTF.swift in Sources */ = {isa = PBXBuildFile; fileRef = FC9E3A812BC2ABB90010A661 /* CustomViewForTF.swift */; };
/* End PBXBuildFile section */

/* Begin PBXFileReference section */
		CE5A07C42BBED9C60028BF74 /* CafeMap Baku.app */ = {isa = PBXFileReference; explicitFileType = wrapper.application; includeInIndex = 0; path = "CafeMap Baku.app"; sourceTree = BUILT_PRODUCTS_DIR; };
		CE5A07C72BBED9C60028BF74 /* AppDelegate.swift */ = {isa = PBXFileReference; lastKnownFileType = sourcecode.swift; path = AppDelegate.swift; sourceTree = "<group>"; };
		CE5A07CB2BBED9C60028BF74 /* MainViewController.swift */ = {isa = PBXFileReference; lastKnownFileType = sourcecode.swift; path = MainViewController.swift; sourceTree = "<group>"; };
		CE5A07D02BBED9C70028BF74 /* Assets.xcassets */ = {isa = PBXFileReference; lastKnownFileType = folder.assetcatalog; path = Assets.xcassets; sourceTree = "<group>"; };
		CE5A07D32BBED9C70028BF74 /* Base */ = {isa = PBXFileReference; lastKnownFileType = file.storyboard; name = Base; path = Base.lproj/LaunchScreen.storyboard; sourceTree = "<group>"; };
		CE5A07D52BBED9C70028BF74 /* Info.plist */ = {isa = PBXFileReference; lastKnownFileType = text.plist.xml; path = Info.plist; sourceTree = "<group>"; };
		CE5A07DB2BBEDC6F0028BF74 /* Router.swift */ = {isa = PBXFileReference; lastKnownFileType = sourcecode.swift; path = Router.swift; sourceTree = "<group>"; };
		CE5A07DD2BBEDE490028BF74 /* BaseViewController.swift */ = {isa = PBXFileReference; lastKnownFileType = sourcecode.swift; path = BaseViewController.swift; sourceTree = "<group>"; };
		CE5A07F22BBEE83A0028BF74 /* MainViewVM.swift */ = {isa = PBXFileReference; lastKnownFileType = sourcecode.swift; path = MainViewVM.swift; sourceTree = "<group>"; };
		CE5A07F62BBEEB090028BF74 /* CafeObject.swift */ = {isa = PBXFileReference; lastKnownFileType = sourcecode.swift; path = CafeObject.swift; sourceTree = "<group>"; };
		CE5A07F82BBEEBA40028BF74 /* DataBaseManager.swift */ = {isa = PBXFileReference; lastKnownFileType = sourcecode.swift; path = DataBaseManager.swift; sourceTree = "<group>"; };
		CE5A07FA2BBEF0610028BF74 /* restaurantmock.json */ = {isa = PBXFileReference; lastKnownFileType = text.json; path = restaurantmock.json; sourceTree = "<group>"; };
		CE5A07FD2BBF1A5B0028BF74 /* CafeListViewController.swift */ = {isa = PBXFileReference; lastKnownFileType = sourcecode.swift; path = CafeListViewController.swift; sourceTree = "<group>"; };
		CE5A07FF2BBF1A890028BF74 /* CafeListVM.swift */ = {isa = PBXFileReference; lastKnownFileType = sourcecode.swift; path = CafeListVM.swift; sourceTree = "<group>"; };
		CE5A08012BBF1F8C0028BF74 /* TitleSubtitleTableViewCell.swift */ = {isa = PBXFileReference; lastKnownFileType = sourcecode.swift; path = TitleSubtitleTableViewCell.swift; sourceTree = "<group>"; };
		CE5A08032BBF1FE10028BF74 /* UITableViewCell+Ex.swift */ = {isa = PBXFileReference; lastKnownFileType = sourcecode.swift; path = "UITableViewCell+Ex.swift"; sourceTree = "<group>"; };
		FC66AAC72BC2CFAA0076AE10 /* MapViewController.swift */ = {isa = PBXFileReference; lastKnownFileType = sourcecode.swift; path = MapViewController.swift; sourceTree = "<group>"; };
		FC66AAC92BC2D12E0076AE10 /* MapViewModel.swift */ = {isa = PBXFileReference; lastKnownFileType = sourcecode.swift; path = MapViewModel.swift; sourceTree = "<group>"; };
		FC66AAD52BC332F70076AE10 /* LocationManager.swift */ = {isa = PBXFileReference; lastKnownFileType = sourcecode.swift; path = LocationManager.swift; sourceTree = "<group>"; };
		FC66AAD92BC404120076AE10 /* AlertManager.swift */ = {isa = PBXFileReference; lastKnownFileType = sourcecode.swift; path = AlertManager.swift; sourceTree = "<group>"; };
		FC66AADE2BC525BA0076AE10 /* BottomAlertView.swift */ = {isa = PBXFileReference; lastKnownFileType = sourcecode.swift; path = BottomAlertView.swift; sourceTree = "<group>"; };
		FC9E3A152BC02D940010A661 /* DetailsVM.swift */ = {isa = PBXFileReference; lastKnownFileType = sourcecode.swift; path = DetailsVM.swift; sourceTree = "<group>"; };
		FC9E3A172BC02DC00010A661 /* DetailsViewController.swift */ = {isa = PBXFileReference; lastKnownFileType = sourcecode.swift; path = DetailsViewController.swift; sourceTree = "<group>"; };
		FC9E3A1A2BC234600010A661 /* MainViewCustomButton.swift */ = {isa = PBXFileReference; lastKnownFileType = sourcecode.swift; path = MainViewCustomButton.swift; sourceTree = "<group>"; };
		FC9E3A1D2BC23DE50010A661 /* AddNewViewController.swift */ = {isa = PBXFileReference; lastKnownFileType = sourcecode.swift; path = AddNewViewController.swift; sourceTree = "<group>"; };
		FC9E3A1F2BC23E1A0010A661 /* AddNewCafeVM.swift */ = {isa = PBXFileReference; lastKnownFileType = sourcecode.swift; path = AddNewCafeVM.swift; sourceTree = "<group>"; };
		FC9E3A292BC25AF70010A661 /* SearchViewController.swift */ = {isa = PBXFileReference; lastKnownFileType = sourcecode.swift; path = SearchViewController.swift; sourceTree = "<group>"; };
		FC9E3A2B2BC25B190010A661 /* SearchVM.swift */ = {isa = PBXFileReference; lastKnownFileType = sourcecode.swift; path = SearchVM.swift; sourceTree = "<group>"; };
		FC9E3A2E2BC262DF0010A661 /* SearchViewControllerDelegate.swift */ = {isa = PBXFileReference; lastKnownFileType = sourcecode.swift; path = SearchViewControllerDelegate.swift; sourceTree = "<group>"; };
		FC9E3A812BC2ABB90010A661 /* CustomViewForTF.swift */ = {isa = PBXFileReference; lastKnownFileType = sourcecode.swift; path = CustomViewForTF.swift; sourceTree = "<group>"; };
/* End PBXFileReference section */

/* Begin PBXFrameworksBuildPhase section */
		CE5A07C12BBED9C60028BF74 /* Frameworks */ = {
			isa = PBXFrameworksBuildPhase;
			buildActionMask = 2147483647;
			files = (
				CE5A07F12BBEE7F50028BF74 /* RealmSwift in Frameworks */,
				CE5A07E92BBEE5680028BF74 /* SnapKit in Frameworks */,
			);
			runOnlyForDeploymentPostprocessing = 0;
		};
/* End PBXFrameworksBuildPhase section */

/* Begin PBXGroup section */
		CE5A07BB2BBED9C50028BF74 = {
			isa = PBXGroup;
			children = (
				CE5A07C62BBED9C60028BF74 /* CafeMap Baku */,
				CE5A07C52BBED9C60028BF74 /* Products */,
			);
			sourceTree = "<group>";
		};
		CE5A07C52BBED9C60028BF74 /* Products */ = {
			isa = PBXGroup;
			children = (
				CE5A07C42BBED9C60028BF74 /* CafeMap Baku.app */,
			);
			name = Products;
			sourceTree = "<group>";
		};
		CE5A07C62BBED9C60028BF74 /* CafeMap Baku */ = {
			isa = PBXGroup;
			children = (
				FC66AAD32BC332DC0076AE10 /* Manager */,
				CE5A07E32BBEDEFF0028BF74 /* Model */,
				CE5A07DF2BBEDEA80028BF74 /* View */,
				CE5A07E22BBEDEF60028BF74 /* ViewModel */,
				CE5A07E42BBEDF170028BF74 /* Extensions */,
				CE5A07E12BBEDEE60028BF74 /* Router */,
				CE5A07E52BBEDF300028BF74 /* AppDelegate */,
				FC9E3A192BC05BD90010A661 /* MockData */,
				CE5A07D02BBED9C70028BF74 /* Assets.xcassets */,
				CE5A07D22BBED9C70028BF74 /* LaunchScreen.storyboard */,
				CE5A07D52BBED9C70028BF74 /* Info.plist */,
			);
			path = "CafeMap Baku";
			sourceTree = "<group>";
		};
		CE5A07DF2BBEDEA80028BF74 /* View */ = {
			isa = PBXGroup;
			children = (
				CE5A07E62BBEDF520028BF74 /* BaseViewController */,
				CE5A07E02BBEDEB60028BF74 /* MainViewController */,
				CE5A07FC2BBF1A3C0028BF74 /* CafeListViewController */,
				FC66AAC62BC2CF790076AE10 /* MapViewController */,
				FC9E3A212BC2535D0010A661 /* CustomCell */,
			);
			path = View;
			sourceTree = "<group>";
		};
		CE5A07E02BBEDEB60028BF74 /* MainViewController */ = {
			isa = PBXGroup;
			children = (
				CE5A07CB2BBED9C60028BF74 /* MainViewController.swift */,
				FC9E3A1A2BC234600010A661 /* MainViewCustomButton.swift */,
			);
			path = MainViewController;
			sourceTree = "<group>";
		};
		CE5A07E12BBEDEE60028BF74 /* Router */ = {
			isa = PBXGroup;
			children = (
				CE5A07DB2BBEDC6F0028BF74 /* Router.swift */,
			);
			path = Router;
			sourceTree = "<group>";
		};
		CE5A07E22BBEDEF60028BF74 /* ViewModel */ = {
			isa = PBXGroup;
			children = (
				CE5A07F22BBEE83A0028BF74 /* MainViewVM.swift */,
				CE5A07FF2BBF1A890028BF74 /* CafeListVM.swift */,
				FC9E3A152BC02D940010A661 /* DetailsVM.swift */,
				FC9E3A1F2BC23E1A0010A661 /* AddNewCafeVM.swift */,
				FC9E3A2B2BC25B190010A661 /* SearchVM.swift */,
				FC66AAC92BC2D12E0076AE10 /* MapViewModel.swift */,
			);
			path = ViewModel;
			sourceTree = "<group>";
		};
		CE5A07E32BBEDEFF0028BF74 /* Model */ = {
			isa = PBXGroup;
			children = (
				CE5A07F62BBEEB090028BF74 /* CafeObject.swift */,
			);
			path = Model;
			sourceTree = "<group>";
		};
		CE5A07E42BBEDF170028BF74 /* Extensions */ = {
			isa = PBXGroup;
			children = (
				CE5A08032BBF1FE10028BF74 /* UITableViewCell+Ex.swift */,
			);
			path = Extensions;
			sourceTree = "<group>";
		};
		CE5A07E52BBEDF300028BF74 /* AppDelegate */ = {
			isa = PBXGroup;
			children = (
				CE5A07C72BBED9C60028BF74 /* AppDelegate.swift */,
			);
			path = AppDelegate;
			sourceTree = "<group>";
		};
		CE5A07E62BBEDF520028BF74 /* BaseViewController */ = {
			isa = PBXGroup;
			children = (
				CE5A07DD2BBEDE490028BF74 /* BaseViewController.swift */,
			);
			path = BaseViewController;
			sourceTree = "<group>";
		};
		CE5A07F52BBEEAD90028BF74 /* DataBaseConfiguration */ = {
			isa = PBXGroup;
			children = (
				CE5A07F82BBEEBA40028BF74 /* DataBaseManager.swift */,
			);
			path = DataBaseConfiguration;
			sourceTree = "<group>";
		};
		CE5A07FC2BBF1A3C0028BF74 /* CafeListViewController */ = {
			isa = PBXGroup;
			children = (
				CE5A07FD2BBF1A5B0028BF74 /* CafeListViewController.swift */,
				FC9E3A142BC02D770010A661 /* DetailsViewController */,
				FC9E3A1C2BC23DAA0010A661 /* AddNewViewController */,
			);
			path = CafeListViewController;
			sourceTree = "<group>";
		};
		FC66AAC62BC2CF790076AE10 /* MapViewController */ = {
			isa = PBXGroup;
			children = (
				FC66AAC72BC2CFAA0076AE10 /* MapViewController.swift */,
				FC66AADD2BC525990076AE10 /* CustomView */,
			);
			path = MapViewController;
			sourceTree = "<group>";
		};
		FC66AAD32BC332DC0076AE10 /* Manager */ = {
			isa = PBXGroup;
			children = (
				FC66AAD82BC403FA0076AE10 /* AlertManager */,
				FC66AAD42BC332E60076AE10 /* LocationManager */,
				CE5A07F52BBEEAD90028BF74 /* DataBaseConfiguration */,
			);
			path = Manager;
			sourceTree = "<group>";
		};
		FC66AAD42BC332E60076AE10 /* LocationManager */ = {
			isa = PBXGroup;
			children = (
				FC66AAD52BC332F70076AE10 /* LocationManager.swift */,
			);
			path = LocationManager;
			sourceTree = "<group>";
		};
		FC66AAD82BC403FA0076AE10 /* AlertManager */ = {
			isa = PBXGroup;
			children = (
				FC66AAD92BC404120076AE10 /* AlertManager.swift */,
			);
			path = AlertManager;
			sourceTree = "<group>";
		};
		FC66AADD2BC525990076AE10 /* CustomView */ = {
			isa = PBXGroup;
			children = (
				FC66AADE2BC525BA0076AE10 /* BottomAlertView.swift */,
			);
			path = CustomView;
			sourceTree = "<group>";
		};
		FC9E3A142BC02D770010A661 /* DetailsViewController */ = {
			isa = PBXGroup;
			children = (
				FC9E3A172BC02DC00010A661 /* DetailsViewController.swift */,
			);
			path = DetailsViewController;
			sourceTree = "<group>";
		};
		FC9E3A192BC05BD90010A661 /* MockData */ = {
			isa = PBXGroup;
			children = (
				CE5A07FA2BBEF0610028BF74 /* restaurantmock.json */,
			);
			path = MockData;
			sourceTree = "<group>";
		};
		FC9E3A1C2BC23DAA0010A661 /* AddNewViewController */ = {
			isa = PBXGroup;
			children = (
				FC9E3A1D2BC23DE50010A661 /* AddNewViewController.swift */,
				FC9E3A832BC2AF570010A661 /* CustomView */,
				FC9E3A282BC25AD60010A661 /* SearchViewController */,
			);
			path = AddNewViewController;
			sourceTree = "<group>";
		};
		FC9E3A212BC2535D0010A661 /* CustomCell */ = {
			isa = PBXGroup;
			children = (
				CE5A08012BBF1F8C0028BF74 /* TitleSubtitleTableViewCell.swift */,
			);
			path = CustomCell;
			sourceTree = "<group>";
		};
		FC9E3A282BC25AD60010A661 /* SearchViewController */ = {
			isa = PBXGroup;
			children = (
				FC9E3A292BC25AF70010A661 /* SearchViewController.swift */,
				FC9E3A2D2BC262C80010A661 /* Delegate */,
			);
			path = SearchViewController;
			sourceTree = "<group>";
		};
		FC9E3A2D2BC262C80010A661 /* Delegate */ = {
			isa = PBXGroup;
			children = (
				FC9E3A2E2BC262DF0010A661 /* SearchViewControllerDelegate.swift */,
			);
			path = Delegate;
			sourceTree = "<group>";
		};
		FC9E3A832BC2AF570010A661 /* CustomView */ = {
			isa = PBXGroup;
			children = (
				FC9E3A812BC2ABB90010A661 /* CustomViewForTF.swift */,
			);
			path = CustomView;
			sourceTree = "<group>";
		};
/* End PBXGroup section */

/* Begin PBXNativeTarget section */
		CE5A07C32BBED9C60028BF74 /* CafeMap Baku */ = {
			isa = PBXNativeTarget;
			buildConfigurationList = CE5A07D82BBED9C70028BF74 /* Build configuration list for PBXNativeTarget "CafeMap Baku" */;
			buildPhases = (
				CE5A07C02BBED9C60028BF74 /* Sources */,
				CE5A07C12BBED9C60028BF74 /* Frameworks */,
				CE5A07C22BBED9C60028BF74 /* Resources */,
			);
			buildRules = (
			);
			dependencies = (
			);
			name = "CafeMap Baku";
			packageProductDependencies = (
				CE5A07E82BBEE5680028BF74 /* SnapKit */,
				CE5A07F02BBEE7F50028BF74 /* RealmSwift */,
			);
			productName = "CafeMap Baku";
			productReference = CE5A07C42BBED9C60028BF74 /* CafeMap Baku.app */;
			productType = "com.apple.product-type.application";
		};
/* End PBXNativeTarget section */

/* Begin PBXProject section */
		CE5A07BC2BBED9C50028BF74 /* Project object */ = {
			isa = PBXProject;
			attributes = {
				BuildIndependentTargetsInParallel = 1;
				LastSwiftUpdateCheck = 1420;
				LastUpgradeCheck = 1420;
				TargetAttributes = {
					CE5A07C32BBED9C60028BF74 = {
						CreatedOnToolsVersion = 14.2;
						LastSwiftMigration = 1420;
					};
				};
			};
			buildConfigurationList = CE5A07BF2BBED9C50028BF74 /* Build configuration list for PBXProject "CafeMap Baku" */;
			compatibilityVersion = "Xcode 14.0";
			developmentRegion = en;
			hasScannedForEncodings = 0;
			knownRegions = (
				en,
				Base,
			);
			mainGroup = CE5A07BB2BBED9C50028BF74;
			packageReferences = (
				CE5A07E72BBEE5680028BF74 /* XCRemoteSwiftPackageReference "SnapKit" */,
				CE5A07EF2BBEE7F50028BF74 /* XCRemoteSwiftPackageReference "realm-swift" */,
			);
			productRefGroup = CE5A07C52BBED9C60028BF74 /* Products */;
			projectDirPath = "";
			projectRoot = "";
			targets = (
				CE5A07C32BBED9C60028BF74 /* CafeMap Baku */,
			);
		};
/* End PBXProject section */

/* Begin PBXResourcesBuildPhase section */
		CE5A07C22BBED9C60028BF74 /* Resources */ = {
			isa = PBXResourcesBuildPhase;
			buildActionMask = 2147483647;
			files = (
				CE5A07FB2BBEF0610028BF74 /* restaurantmock.json in Resources */,
				CE5A07D42BBED9C70028BF74 /* LaunchScreen.storyboard in Resources */,
				CE5A07D12BBED9C70028BF74 /* Assets.xcassets in Resources */,
			);
			runOnlyForDeploymentPostprocessing = 0;
		};
/* End PBXResourcesBuildPhase section */

/* Begin PBXSourcesBuildPhase section */
		CE5A07C02BBED9C60028BF74 /* Sources */ = {
			isa = PBXSourcesBuildPhase;
			buildActionMask = 2147483647;
			files = (
				CE5A07CC2BBED9C60028BF74 /* MainViewController.swift in Sources */,
				CE5A08042BBF1FE10028BF74 /* UITableViewCell+Ex.swift in Sources */,
				FC9E3A202BC23E1A0010A661 /* AddNewCafeVM.swift in Sources */,
				FC9E3A822BC2ABB90010A661 /* CustomViewForTF.swift in Sources */,
				FC9E3A2A2BC25AF70010A661 /* SearchViewController.swift in Sources */,
				CE5A07FE2BBF1A5B0028BF74 /* CafeListViewController.swift in Sources */,
				CE5A07DE2BBEDE490028BF74 /* BaseViewController.swift in Sources */,
				FC66AAD62BC332F70076AE10 /* LocationManager.swift in Sources */,
				FC66AADA2BC404120076AE10 /* AlertManager.swift in Sources */,
				CE5A07DC2BBEDC6F0028BF74 /* Router.swift in Sources */,
				CE5A07F72BBEEB090028BF74 /* CafeObject.swift in Sources */,
				CE5A07F92BBEEBA40028BF74 /* DataBaseManager.swift in Sources */,
				CE5A07C82BBED9C60028BF74 /* AppDelegate.swift in Sources */,
				CE5A08002BBF1A890028BF74 /* CafeListVM.swift in Sources */,
				CE5A08022BBF1F8C0028BF74 /* TitleSubtitleTableViewCell.swift in Sources */,
				FC66AAC82BC2CFAA0076AE10 /* MapViewController.swift in Sources */,
				FC66AADF2BC525BA0076AE10 /* BottomAlertView.swift in Sources */,
				FC9E3A2C2BC25B190010A661 /* SearchVM.swift in Sources */,
				FC9E3A1E2BC23DE50010A661 /* AddNewViewController.swift in Sources */,
				FC9E3A1B2BC234600010A661 /* MainViewCustomButton.swift in Sources */,
				FC66AACA2BC2D12E0076AE10 /* MapViewModel.swift in Sources */,
				FC9E3A2F2BC262DF0010A661 /* SearchViewControllerDelegate.swift in Sources */,
				CE5A07F32BBEE83A0028BF74 /* MainViewVM.swift in Sources */,
				FC9E3A182BC02DC00010A661 /* DetailsViewController.swift in Sources */,
				FC9E3A162BC02D940010A661 /* DetailsVM.swift in Sources */,
			);
			runOnlyForDeploymentPostprocessing = 0;
		};
/* End PBXSourcesBuildPhase section */

/* Begin PBXVariantGroup section */
		CE5A07D22BBED9C70028BF74 /* LaunchScreen.storyboard */ = {
			isa = PBXVariantGroup;
			children = (
				CE5A07D32BBED9C70028BF74 /* Base */,
			);
			name = LaunchScreen.storyboard;
			sourceTree = "<group>";
		};
/* End PBXVariantGroup section */

/* Begin XCBuildConfiguration section */
		CE5A07D62BBED9C70028BF74 /* Debug */ = {
			isa = XCBuildConfiguration;
			buildSettings = {
				ALWAYS_SEARCH_USER_PATHS = NO;
				CLANG_ANALYZER_LOCALIZABILITY_NONLOCALIZED = YES;
				CLANG_ANALYZER_NONNULL = YES;
				CLANG_ANALYZER_NUMBER_OBJECT_CONVERSION = YES_AGGRESSIVE;
				CLANG_CXX_LANGUAGE_STANDARD = "gnu++20";
				CLANG_ENABLE_MODULES = YES;
				CLANG_ENABLE_OBJC_ARC = YES;
				CLANG_ENABLE_OBJC_WEAK = YES;
				CLANG_WARN_BLOCK_CAPTURE_AUTORELEASING = YES;
				CLANG_WARN_BOOL_CONVERSION = YES;
				CLANG_WARN_COMMA = YES;
				CLANG_WARN_CONSTANT_CONVERSION = YES;
				CLANG_WARN_DEPRECATED_OBJC_IMPLEMENTATIONS = YES;
				CLANG_WARN_DIRECT_OBJC_ISA_USAGE = YES_ERROR;
				CLANG_WARN_DOCUMENTATION_COMMENTS = YES;
				CLANG_WARN_EMPTY_BODY = YES;
				CLANG_WARN_ENUM_CONVERSION = YES;
				CLANG_WARN_INFINITE_RECURSION = YES;
				CLANG_WARN_INT_CONVERSION = YES;
				CLANG_WARN_NON_LITERAL_NULL_CONVERSION = YES;
				CLANG_WARN_OBJC_IMPLICIT_RETAIN_SELF = YES;
				CLANG_WARN_OBJC_LITERAL_CONVERSION = YES;
				CLANG_WARN_OBJC_ROOT_CLASS = YES_ERROR;
				CLANG_WARN_QUOTED_INCLUDE_IN_FRAMEWORK_HEADER = YES;
				CLANG_WARN_RANGE_LOOP_ANALYSIS = YES;
				CLANG_WARN_STRICT_PROTOTYPES = YES;
				CLANG_WARN_SUSPICIOUS_MOVE = YES;
				CLANG_WARN_UNGUARDED_AVAILABILITY = YES_AGGRESSIVE;
				CLANG_WARN_UNREACHABLE_CODE = YES;
				CLANG_WARN__DUPLICATE_METHOD_MATCH = YES;
				COPY_PHASE_STRIP = NO;
				DEBUG_INFORMATION_FORMAT = dwarf;
				ENABLE_STRICT_OBJC_MSGSEND = YES;
				ENABLE_TESTABILITY = YES;
				GCC_C_LANGUAGE_STANDARD = gnu11;
				GCC_DYNAMIC_NO_PIC = NO;
				GCC_NO_COMMON_BLOCKS = YES;
				GCC_OPTIMIZATION_LEVEL = 0;
				GCC_PREPROCESSOR_DEFINITIONS = (
					"DEBUG=1",
					"$(inherited)",
				);
				GCC_WARN_64_TO_32_BIT_CONVERSION = YES;
				GCC_WARN_ABOUT_RETURN_TYPE = YES_ERROR;
				GCC_WARN_UNDECLARED_SELECTOR = YES;
				GCC_WARN_UNINITIALIZED_AUTOS = YES_AGGRESSIVE;
				GCC_WARN_UNUSED_FUNCTION = YES;
				GCC_WARN_UNUSED_VARIABLE = YES;
				IPHONEOS_DEPLOYMENT_TARGET = 16.2;
				MTL_ENABLE_DEBUG_INFO = INCLUDE_SOURCE;
				MTL_FAST_MATH = YES;
				ONLY_ACTIVE_ARCH = YES;
				SDKROOT = iphoneos;
				SWIFT_ACTIVE_COMPILATION_CONDITIONS = DEBUG;
				SWIFT_OPTIMIZATION_LEVEL = "-Onone";
			};
			name = Debug;
		};
		CE5A07D72BBED9C70028BF74 /* Release */ = {
			isa = XCBuildConfiguration;
			buildSettings = {
				ALWAYS_SEARCH_USER_PATHS = NO;
				CLANG_ANALYZER_LOCALIZABILITY_NONLOCALIZED = YES;
				CLANG_ANALYZER_NONNULL = YES;
				CLANG_ANALYZER_NUMBER_OBJECT_CONVERSION = YES_AGGRESSIVE;
				CLANG_CXX_LANGUAGE_STANDARD = "gnu++20";
				CLANG_ENABLE_MODULES = YES;
				CLANG_ENABLE_OBJC_ARC = YES;
				CLANG_ENABLE_OBJC_WEAK = YES;
				CLANG_WARN_BLOCK_CAPTURE_AUTORELEASING = YES;
				CLANG_WARN_BOOL_CONVERSION = YES;
				CLANG_WARN_COMMA = YES;
				CLANG_WARN_CONSTANT_CONVERSION = YES;
				CLANG_WARN_DEPRECATED_OBJC_IMPLEMENTATIONS = YES;
				CLANG_WARN_DIRECT_OBJC_ISA_USAGE = YES_ERROR;
				CLANG_WARN_DOCUMENTATION_COMMENTS = YES;
				CLANG_WARN_EMPTY_BODY = YES;
				CLANG_WARN_ENUM_CONVERSION = YES;
				CLANG_WARN_INFINITE_RECURSION = YES;
				CLANG_WARN_INT_CONVERSION = YES;
				CLANG_WARN_NON_LITERAL_NULL_CONVERSION = YES;
				CLANG_WARN_OBJC_IMPLICIT_RETAIN_SELF = YES;
				CLANG_WARN_OBJC_LITERAL_CONVERSION = YES;
				CLANG_WARN_OBJC_ROOT_CLASS = YES_ERROR;
				CLANG_WARN_QUOTED_INCLUDE_IN_FRAMEWORK_HEADER = YES;
				CLANG_WARN_RANGE_LOOP_ANALYSIS = YES;
				CLANG_WARN_STRICT_PROTOTYPES = YES;
				CLANG_WARN_SUSPICIOUS_MOVE = YES;
				CLANG_WARN_UNGUARDED_AVAILABILITY = YES_AGGRESSIVE;
				CLANG_WARN_UNREACHABLE_CODE = YES;
				CLANG_WARN__DUPLICATE_METHOD_MATCH = YES;
				COPY_PHASE_STRIP = NO;
				DEBUG_INFORMATION_FORMAT = "dwarf-with-dsym";
				ENABLE_NS_ASSERTIONS = NO;
				ENABLE_STRICT_OBJC_MSGSEND = YES;
				GCC_C_LANGUAGE_STANDARD = gnu11;
				GCC_NO_COMMON_BLOCKS = YES;
				GCC_WARN_64_TO_32_BIT_CONVERSION = YES;
				GCC_WARN_ABOUT_RETURN_TYPE = YES_ERROR;
				GCC_WARN_UNDECLARED_SELECTOR = YES;
				GCC_WARN_UNINITIALIZED_AUTOS = YES_AGGRESSIVE;
				GCC_WARN_UNUSED_FUNCTION = YES;
				GCC_WARN_UNUSED_VARIABLE = YES;
				IPHONEOS_DEPLOYMENT_TARGET = 16.2;
				MTL_ENABLE_DEBUG_INFO = NO;
				MTL_FAST_MATH = YES;
				SDKROOT = iphoneos;
				SWIFT_COMPILATION_MODE = wholemodule;
				SWIFT_OPTIMIZATION_LEVEL = "-O";
				VALIDATE_PRODUCT = YES;
			};
			name = Release;
		};
		CE5A07D92BBED9C70028BF74 /* Debug */ = {
			isa = XCBuildConfiguration;
			buildSettings = {
				ASSETCATALOG_COMPILER_APPICON_NAME = AppIcon;
				ASSETCATALOG_COMPILER_GLOBAL_ACCENT_COLOR_NAME = AccentColor;
				CLANG_ENABLE_MODULES = YES;
				CODE_SIGN_STYLE = Automatic;
				CURRENT_PROJECT_VERSION = 1;
				DEVELOPMENT_TEAM = V893D9G2H6;
				GENERATE_INFOPLIST_FILE = YES;
				INFOPLIST_FILE = "CafeMap Baku/Info.plist";
				INFOPLIST_KEY_NSLocationWhenInUseUsageDescription = "We need to access your location";
				INFOPLIST_KEY_UIApplicationSupportsIndirectInputEvents = YES;
				INFOPLIST_KEY_UILaunchStoryboardName = LaunchScreen;
				INFOPLIST_KEY_UIMainStoryboardFile = "";
				INFOPLIST_KEY_UISupportedInterfaceOrientations_iPad = "UIInterfaceOrientationPortrait UIInterfaceOrientationPortraitUpsideDown UIInterfaceOrientationLandscapeLeft UIInterfaceOrientationLandscapeRight";
				INFOPLIST_KEY_UISupportedInterfaceOrientations_iPhone = "UIInterfaceOrientationPortrait UIInterfaceOrientationLandscapeLeft UIInterfaceOrientationLandscapeRight";
				LD_RUNPATH_SEARCH_PATHS = (
					"$(inherited)",
					"@executable_path/Frameworks",
				);
				MARKETING_VERSION = 1.0;
				PRODUCT_BUNDLE_IDENTIFIER = "VeysalHasanbayli.CafeMap-Baku";
				PRODUCT_NAME = "$(TARGET_NAME)";
				SWIFT_EMIT_LOC_STRINGS = YES;
				SWIFT_OPTIMIZATION_LEVEL = "-Onone";
				SWIFT_VERSION = 5.0;
				TARGETED_DEVICE_FAMILY = "1,2";
			};
			name = Debug;
		};
		CE5A07DA2BBED9C70028BF74 /* Release */ = {
			isa = XCBuildConfiguration;
			buildSettings = {
				ASSETCATALOG_COMPILER_APPICON_NAME = AppIcon;
				ASSETCATALOG_COMPILER_GLOBAL_ACCENT_COLOR_NAME = AccentColor;
				CLANG_ENABLE_MODULES = YES;
				CODE_SIGN_STYLE = Automatic;
				CURRENT_PROJECT_VERSION = 1;
				DEVELOPMENT_TEAM = V893D9G2H6;
				GENERATE_INFOPLIST_FILE = YES;
				INFOPLIST_FILE = "CafeMap Baku/Info.plist";
				INFOPLIST_KEY_NSLocationWhenInUseUsageDescription = "We need to access your location";
				INFOPLIST_KEY_UIApplicationSupportsIndirectInputEvents = YES;
				INFOPLIST_KEY_UILaunchStoryboardName = LaunchScreen;
				INFOPLIST_KEY_UIMainStoryboardFile = "";
				INFOPLIST_KEY_UISupportedInterfaceOrientations_iPad = "UIInterfaceOrientationPortrait UIInterfaceOrientationPortraitUpsideDown UIInterfaceOrientationLandscapeLeft UIInterfaceOrientationLandscapeRight";
				INFOPLIST_KEY_UISupportedInterfaceOrientations_iPhone = "UIInterfaceOrientationPortrait UIInterfaceOrientationLandscapeLeft UIInterfaceOrientationLandscapeRight";
				LD_RUNPATH_SEARCH_PATHS = (
					"$(inherited)",
					"@executable_path/Frameworks",
				);
				MARKETING_VERSION = 1.0;
				PRODUCT_BUNDLE_IDENTIFIER = "VeysalHasanbayli.CafeMap-Baku";
				PRODUCT_NAME = "$(TARGET_NAME)";
				SWIFT_EMIT_LOC_STRINGS = YES;
				SWIFT_VERSION = 5.0;
				TARGETED_DEVICE_FAMILY = "1,2";
			};
			name = Release;
		};
/* End XCBuildConfiguration section */

/* Begin XCConfigurationList section */
		CE5A07BF2BBED9C50028BF74 /* Build configuration list for PBXProject "CafeMap Baku" */ = {
			isa = XCConfigurationList;
			buildConfigurations = (
				CE5A07D62BBED9C70028BF74 /* Debug */,
				CE5A07D72BBED9C70028BF74 /* Release */,
			);
			defaultConfigurationIsVisible = 0;
			defaultConfigurationName = Release;
		};
		CE5A07D82BBED9C70028BF74 /* Build configuration list for PBXNativeTarget "CafeMap Baku" */ = {
			isa = XCConfigurationList;
			buildConfigurations = (
				CE5A07D92BBED9C70028BF74 /* Debug */,
				CE5A07DA2BBED9C70028BF74 /* Release */,
			);
			defaultConfigurationIsVisible = 0;
			defaultConfigurationName = Release;
		};
/* End XCConfigurationList section */

/* Begin XCRemoteSwiftPackageReference section */
		CE5A07E72BBEE5680028BF74 /* XCRemoteSwiftPackageReference "SnapKit" */ = {
			isa = XCRemoteSwiftPackageReference;
			repositoryURL = "https://github.com/SnapKit/SnapKit";
			requirement = {
				kind = upToNextMajorVersion;
				minimumVersion = 5.0.0;
			};
		};
		CE5A07EF2BBEE7F50028BF74 /* XCRemoteSwiftPackageReference "realm-swift" */ = {
			isa = XCRemoteSwiftPackageReference;
			repositoryURL = "https://github.com/realm/realm-swift";
			requirement = {
				branch = master;
				kind = branch;
			};
		};
/* End XCRemoteSwiftPackageReference section */

/* Begin XCSwiftPackageProductDependency section */
		CE5A07E82BBEE5680028BF74 /* SnapKit */ = {
			isa = XCSwiftPackageProductDependency;
			package = CE5A07E72BBEE5680028BF74 /* XCRemoteSwiftPackageReference "SnapKit" */;
			productName = SnapKit;
		};
		CE5A07F02BBEE7F50028BF74 /* RealmSwift */ = {
			isa = XCSwiftPackageProductDependency;
			package = CE5A07EF2BBEE7F50028BF74 /* XCRemoteSwiftPackageReference "realm-swift" */;
			productName = RealmSwift;
		};
/* End XCSwiftPackageProductDependency section */
	};
	rootObject = CE5A07BC2BBED9C50028BF74 /* Project object */;
}
